
Microsoft Visual Studio Solution File, Format Version 12.00
# Visual Studio Version 17
VisualStudioVersion = 17.9.34728.123
MinimumVisualStudioVersion = 10.0.40219.1
Project("{FAE04EC0-301F-11D3-BF4B-00C04F79EFBC}") = "ConsoleApp1", "ConsoleApp1\ConsoleApp1.csproj", "{F4F605EF-CEB4-40F2-9ED5-85ABECD22540}"
EndProject
Global
	GlobalSection(SolutionConfigurationPlatforms) = preSolution
		Debug|Any CPU = Debug|Any CPU
		Release|Any CPU = Release|Any CPU
	EndGlobalSection
	GlobalSection(ProjectConfigurationPlatforms) = postSolution
		{F4F605EF-CEB4-40F2-9ED5-85ABECD22540}.Debug|Any CPU.ActiveCfg = Debug|Any CPU
		{F4F605EF-CEB4-40F2-9ED5-85ABECD22540}.Debug|Any CPU.Build.0 = Debug|Any CPU
		{F4F605EF-CEB4-40F2-9ED5-85ABECD22540}.Release|Any CPU.ActiveCfg = Release|Any CPU
		{F4F605EF-CEB4-40F2-9ED5-85ABECD22540}.Release|Any CPU.Build.0 = Release|Any CPU
	EndGlobalSection
	GlobalSection(SolutionProperties) = preSolution
		HideSolutionNode = FALSE
	EndGlobalSection
	GlobalSection(ExtensibilityGlobals) = postSolution
		SolutionGuid = {6D4E5456-8D70-4BD1-A763-3B37DEDB53BE}
	EndGlobalSection
EndGlobal
